<Solution>
  <Folder Name="/src/" />
  <Folder Name="/src/host/">
    <Project Path="src/host/Nova.AppHost/Nova.AppHost.csproj" />
  </Folder>
  <Folder Name="/src/services/">
    <Project Path="src/services/Nova.Shell.Api/Nova.Shell.Api.csproj" />
  </Folder>
  <Folder Name="/src/shared/">
    <Project Path="src/shared/Nova.Shared.Web/Nova.Shared.Web.csproj" />
    <Project Path="src/shared/Nova.Shared/Nova.Shared.csproj" />
  </Folder>
</Solution>
